
Microsoft Visual Studio Solution File, Format Version 12.00
# Visual Studio Version 17
VisualStudioVersion = 17.8.34511.84
MinimumVisualStudioVersion = 10.0.40219.1
Project("{FAE04EC0-301F-11D3-BF4B-00C04F79EFBC}") = "KitsuApiUi", "KitsuApiUi.csproj", "{B73DEC12-0DAD-4324-A79A-33002482972A}"
EndProject
Project("{FAE04EC0-301F-11D3-BF4B-00C04F79EFBC}") = "KisuApiLogic", "..\KisuApiLogic\KisuApiLogic.csproj", "{46CC79A1-DE77-43A2-8F01-9B6A5B12EEAE}"
EndProject
Global
	GlobalSection(SolutionConfigurationPlatforms) = preSolution
		Debug|Any CPU = Debug|Any CPU
		Release|Any CPU = Release|Any CPU
	EndGlobalSection
	GlobalSection(ProjectConfigurationPlatforms) = postSolution
		{B73DEC12-0DAD-4324-A79A-33002482972A}.Debug|Any CPU.ActiveCfg = Debug|Any CPU
		{B73DEC12-0DAD-4324-A79A-33002482972A}.Debug|Any CPU.Build.0 = Debug|Any CPU
		{B73DEC12-0DAD-4324-A79A-33002482972A}.Release|Any CPU.ActiveCfg = Release|Any CPU
		{B73DEC12-0DAD-4324-A79A-33002482972A}.Release|Any CPU.Build.0 = Release|Any CPU
		{46CC79A1-DE77-43A2-8F01-9B6A5B12EEAE}.Debug|Any CPU.ActiveCfg = Debug|Any CPU
		{46CC79A1-DE77-43A2-8F01-9B6A5B12EEAE}.Debug|Any CPU.Build.0 = Debug|Any CPU
		{46CC79A1-DE77-43A2-8F01-9B6A5B12EEAE}.Release|Any CPU.ActiveCfg = Release|Any CPU
		{46CC79A1-DE77-43A2-8F01-9B6A5B12EEAE}.Release|Any CPU.Build.0 = Release|Any CPU
	EndGlobalSection
	GlobalSection(SolutionProperties) = preSolution
		HideSolutionNode = FALSE
	EndGlobalSection
	GlobalSection(ExtensibilityGlobals) = postSolution
		SolutionGuid = {B83F9D28-4AD3-4505-B1D1-A7C41731981E}
	EndGlobalSection
EndGlobal
